{
  "name": "geometry",
  "version": "1.0.0",
  "lockfileVersion": 1,
  "requires": true,
  "dependencies": {
    "sjb-utils": {
      "version": "1.0.0",
      "resolved": "https://registry.npmjs.org/sjb-utils/-/sjb-utils-1.0.0.tgz",
      "integrity": "sha512-XmjSrgo6aiP2HeECr8mJcFmbV/gnAoo5ipTFX1sPsbBnOsR3aa2GIAHPooUC+oOkKtIXbCw95kEkqkhle4z24Q=="
    }
  }
}
