{
  "name": "geometry",
  "version": "1.0.0",
  "lockfileVersion": 1,
  "requires": true,
  "dependencies": {
    "sjb-utils": {
      "version": "1.0.1",
      "resolved": "https://registry.npmjs.org/sjb-utils/-/sjb-utils-1.0.1.tgz",
      "integrity": "sha512-vvdFvUXTPRyS8DGKe5xztH6MoG/WpNKyh7sGcBQejEeQ0EaKpVD7itXNPcldQ6ftdJVb7bOWqIh1YDIazaZLsA=="
    }
  }
}
